// !$*UTF8*$!
{
	archiveVersion = 1;
	classes = {
	};
	objectVersion = 46;
	objects = {

/* Begin PBXBuildFile section */
		7449DCEF19990A4700AB0C9B /* AppDelegate.swift in Sources */ = {isa = PBXBuildFile; fileRef = 7449DCEE19990A4700AB0C9B /* AppDelegate.swift */; };
		7449DCF119990A4700AB0C9B /* SearchViewController.swift in Sources */ = {isa = PBXBuildFile; fileRef = 7449DCF019990A4700AB0C9B /* SearchViewController.swift */; };
		7449DCF419990A4700AB0C9B /* Main.storyboard in Resources */ = {isa = PBXBuildFile; fileRef = 7449DCF219990A4700AB0C9B /* Main.storyboard */; };
		7449DCF619990A4700AB0C9B /* Images.xcassets in Resources */ = {isa = PBXBuildFile; fileRef = 7449DCF519990A4700AB0C9B /* Images.xcassets */; };
		7449DD0219990A4700AB0C9B /* ValvTests.swift in Sources */ = {isa = PBXBuildFile; fileRef = 7449DD0119990A4700AB0C9B /* ValvTests.swift */; };
		7476C58D199A5ECE0051FBA1 /* DetailsViewController.swift in Sources */ = {isa = PBXBuildFile; fileRef = 7476C58C199A5ECE0051FBA1 /* DetailsViewController.swift */; };
		7476C58F199B46F60051FBA1 /* SettingsViewController.swift in Sources */ = {isa = PBXBuildFile; fileRef = 7476C58E199B46F60051FBA1 /* SettingsViewController.swift */; };
		7476C591199B766A0051FBA1 /* LoginManager.swift in Sources */ = {isa = PBXBuildFile; fileRef = 7476C590199B766A0051FBA1 /* LoginManager.swift */; };
		7476C593199BF36F0051FBA1 /* Product.swift in Sources */ = {isa = PBXBuildFile; fileRef = 7476C592199BF36F0051FBA1 /* Product.swift */; };
		7476C595199C02C10051FBA1 /* SearchResultCell.swift in Sources */ = {isa = PBXBuildFile; fileRef = 7476C594199C02C10051FBA1 /* SearchResultCell.swift */; };
		74AA843F199DFFE80069E6C4 /* rating_mean.png in Resources */ = {isa = PBXBuildFile; fileRef = 74AA843C199DFFE80069E6C4 /* rating_mean.png */; };
		74AA8440199DFFE80069E6C4 /* rating_rec.png in Resources */ = {isa = PBXBuildFile; fileRef = 74AA843D199DFFE80069E6C4 /* rating_rec.png */; };
		74AA8441199DFFE80069E6C4 /* rating_user.png in Resources */ = {isa = PBXBuildFile; fileRef = 74AA843E199DFFE80069E6C4 /* rating_user.png */; };
		74AA8443199E5F320069E6C4 /* RatingManager.swift in Sources */ = {isa = PBXBuildFile; fileRef = 74AA8442199E5F320069E6C4 /* RatingManager.swift */; };
		74B0A116199956250098D37D /* SearchManager.swift in Sources */ = {isa = PBXBuildFile; fileRef = 74B0A115199956250098D37D /* SearchManager.swift */; };
		74EAC0C519D5ACEB004A57C4 /* rating_delete.png in Resources */ = {isa = PBXBuildFile; fileRef = 74EAC0C419D5ACEB004A57C4 /* rating_delete.png */; };
/* End PBXBuildFile section */

/* Begin PBXContainerItemProxy section */
		7449DCFC19990A4700AB0C9B /* PBXContainerItemProxy */ = {
			isa = PBXContainerItemProxy;
			containerPortal = 7449DCE119990A4700AB0C9B /* Project object */;
			proxyType = 1;
			remoteGlobalIDString = 7449DCE819990A4700AB0C9B;
			remoteInfo = Valv;
		};
/* End PBXContainerItemProxy section */

/* Begin PBXFileReference section */
		7449DCE919990A4700AB0C9B /* Valv.app */ = {isa = PBXFileReference; explicitFileType = wrapper.application; includeInIndex = 0; path = Valv.app; sourceTree = BUILT_PRODUCTS_DIR; };
		7449DCED19990A4700AB0C9B /* Info.plist */ = {isa = PBXFileReference; lastKnownFileType = text.plist.xml; path = Info.plist; sourceTree = "<group>"; };
		7449DCEE19990A4700AB0C9B /* AppDelegate.swift */ = {isa = PBXFileReference; lastKnownFileType = sourcecode.swift; path = AppDelegate.swift; sourceTree = "<group>"; };
		7449DCF019990A4700AB0C9B /* SearchViewController.swift */ = {isa = PBXFileReference; lastKnownFileType = sourcecode.swift; path = SearchViewController.swift; sourceTree = "<group>"; };
		7449DCF319990A4700AB0C9B /* Base */ = {isa = PBXFileReference; lastKnownFileType = file.storyboard; name = Base; path = Base.lproj/Main.storyboard; sourceTree = "<group>"; };
		7449DCF519990A4700AB0C9B /* Images.xcassets */ = {isa = PBXFileReference; lastKnownFileType = folder.assetcatalog; path = Images.xcassets; sourceTree = "<group>"; };
		7449DCFB19990A4700AB0C9B /* ValvTests.xctest */ = {isa = PBXFileReference; explicitFileType = wrapper.cfbundle; includeInIndex = 0; path = ValvTests.xctest; sourceTree = BUILT_PRODUCTS_DIR; };
		7449DD0019990A4700AB0C9B /* Info.plist */ = {isa = PBXFileReference; lastKnownFileType = text.plist.xml; path = Info.plist; sourceTree = "<group>"; };
		7449DD0119990A4700AB0C9B /* ValvTests.swift */ = {isa = PBXFileReference; lastKnownFileType = sourcecode.swift; path = ValvTests.swift; sourceTree = "<group>"; };
		7476C58C199A5ECE0051FBA1 /* DetailsViewController.swift */ = {isa = PBXFileReference; fileEncoding = 4; lastKnownFileType = sourcecode.swift; path = DetailsViewController.swift; sourceTree = "<group>"; };
		7476C58E199B46F60051FBA1 /* SettingsViewController.swift */ = {isa = PBXFileReference; fileEncoding = 4; lastKnownFileType = sourcecode.swift; path = SettingsViewController.swift; sourceTree = "<group>"; };
		7476C590199B766A0051FBA1 /* LoginManager.swift */ = {isa = PBXFileReference; fileEncoding = 4; lastKnownFileType = sourcecode.swift; path = LoginManager.swift; sourceTree = "<group>"; };
		7476C592199BF36F0051FBA1 /* Product.swift */ = {isa = PBXFileReference; fileEncoding = 4; lastKnownFileType = sourcecode.swift; path = Product.swift; sourceTree = "<group>"; };
		7476C594199C02C10051FBA1 /* SearchResultCell.swift */ = {isa = PBXFileReference; fileEncoding = 4; lastKnownFileType = sourcecode.swift; path = SearchResultCell.swift; sourceTree = "<group>"; };
		74AA843C199DFFE80069E6C4 /* rating_mean.png */ = {isa = PBXFileReference; lastKnownFileType = image.png; name = rating_mean.png; path = Images.xcassets/rating_mean.png; sourceTree = "<group>"; };
		74AA843D199DFFE80069E6C4 /* rating_rec.png */ = {isa = PBXFileReference; lastKnownFileType = image.png; name = rating_rec.png; path = Images.xcassets/rating_rec.png; sourceTree = "<group>"; };
		74AA843E199DFFE80069E6C4 /* rating_user.png */ = {isa = PBXFileReference; lastKnownFileType = image.png; name = rating_user.png; path = Images.xcassets/rating_user.png; sourceTree = "<group>"; };
		74AA8442199E5F320069E6C4 /* RatingManager.swift */ = {isa = PBXFileReference; fileEncoding = 4; lastKnownFileType = sourcecode.swift; path = RatingManager.swift; sourceTree = "<group>"; };
		74B0A115199956250098D37D /* SearchManager.swift */ = {isa = PBXFileReference; fileEncoding = 4; lastKnownFileType = sourcecode.swift; path = SearchManager.swift; sourceTree = "<group>"; };
		74EAC0C419D5ACEB004A57C4 /* rating_delete.png */ = {isa = PBXFileReference; lastKnownFileType = image.png; name = rating_delete.png; path = Images.xcassets/rating_delete.png; sourceTree = "<group>"; };
/* End PBXFileReference section */

/* Begin PBXFrameworksBuildPhase section */
		7449DCE619990A4700AB0C9B /* Frameworks */ = {
			isa = PBXFrameworksBuildPhase;
			buildActionMask = 2147483647;
			files = (
			);
			runOnlyForDeploymentPostprocessing = 0;
		};
		7449DCF819990A4700AB0C9B /* Frameworks */ = {
			isa = PBXFrameworksBuildPhase;
			buildActionMask = 2147483647;
			files = (
			);
			runOnlyForDeploymentPostprocessing = 0;
		};
/* End PBXFrameworksBuildPhase section */

/* Begin PBXGroup section */
		7449DCE019990A4700AB0C9B = {
			isa = PBXGroup;
			children = (
				7449DCEB19990A4700AB0C9B /* Valv */,
				7449DCFE19990A4700AB0C9B /* ValvTests */,
				7449DCEA19990A4700AB0C9B /* Products */,
			);
			sourceTree = "<group>";
		};
		7449DCEA19990A4700AB0C9B /* Products */ = {
			isa = PBXGroup;
			children = (
				7449DCE919990A4700AB0C9B /* Valv.app */,
				7449DCFB19990A4700AB0C9B /* ValvTests.xctest */,
			);
			name = Products;
			sourceTree = "<group>";
		};
		7449DCEB19990A4700AB0C9B /* Valv */ = {
			isa = PBXGroup;
			children = (
				74EAC0C419D5ACEB004A57C4 /* rating_delete.png */,
				7476C590199B766A0051FBA1 /* LoginManager.swift */,
				7449DCEE19990A4700AB0C9B /* AppDelegate.swift */,
				7449DCF019990A4700AB0C9B /* SearchViewController.swift */,
				74B0A115199956250098D37D /* SearchManager.swift */,
				7476C58C199A5ECE0051FBA1 /* DetailsViewController.swift */,
				7476C58E199B46F60051FBA1 /* SettingsViewController.swift */,
				7449DCF219990A4700AB0C9B /* Main.storyboard */,
				7449DCF519990A4700AB0C9B /* Images.xcassets */,
				74AA843C199DFFE80069E6C4 /* rating_mean.png */,
				74AA843D199DFFE80069E6C4 /* rating_rec.png */,
				74AA843E199DFFE80069E6C4 /* rating_user.png */,
				7449DCEC19990A4700AB0C9B /* Supporting Files */,
				7476C592199BF36F0051FBA1 /* Product.swift */,
				7476C594199C02C10051FBA1 /* SearchResultCell.swift */,
				74AA8442199E5F320069E6C4 /* RatingManager.swift */,
			);
			path = Valv;
			sourceTree = "<group>";
		};
		7449DCEC19990A4700AB0C9B /* Supporting Files */ = {
			isa = PBXGroup;
			children = (
				7449DCED19990A4700AB0C9B /* Info.plist */,
			);
			name = "Supporting Files";
			sourceTree = "<group>";
		};
		7449DCFE19990A4700AB0C9B /* ValvTests */ = {
			isa = PBXGroup;
			children = (
				7449DD0119990A4700AB0C9B /* ValvTests.swift */,
				7449DCFF19990A4700AB0C9B /* Supporting Files */,
			);
			path = ValvTests;
			sourceTree = "<group>";
		};
		7449DCFF19990A4700AB0C9B /* Supporting Files */ = {
			isa = PBXGroup;
			children = (
				7449DD0019990A4700AB0C9B /* Info.plist */,
			);
			name = "Supporting Files";
			sourceTree = "<group>";
		};
/* End PBXGroup section */

/* Begin PBXNativeTarget section */
		7449DCE819990A4700AB0C9B /* Valv */ = {
			isa = PBXNativeTarget;
			buildConfigurationList = 7449DD0519990A4700AB0C9B /* Build configuration list for PBXNativeTarget "Valv" */;
			buildPhases = (
				7449DCE519990A4700AB0C9B /* Sources */,
				7449DCE619990A4700AB0C9B /* Frameworks */,
				7449DCE719990A4700AB0C9B /* Resources */,
			);
			buildRules = (
			);
			dependencies = (
			);
			name = Valv;
			productName = Valv;
			productReference = 7449DCE919990A4700AB0C9B /* Valv.app */;
			productType = "com.apple.product-type.application";
		};
		7449DCFA19990A4700AB0C9B /* ValvTests */ = {
			isa = PBXNativeTarget;
			buildConfigurationList = 7449DD0819990A4700AB0C9B /* Build configuration list for PBXNativeTarget "ValvTests" */;
			buildPhases = (
				7449DCF719990A4700AB0C9B /* Sources */,
				7449DCF819990A4700AB0C9B /* Frameworks */,
				7449DCF919990A4700AB0C9B /* Resources */,
			);
			buildRules = (
			);
			dependencies = (
				7449DCFD19990A4700AB0C9B /* PBXTargetDependency */,
			);
			name = ValvTests;
			productName = ValvTests;
			productReference = 7449DCFB19990A4700AB0C9B /* ValvTests.xctest */;
			productType = "com.apple.product-type.bundle.unit-test";
		};
/* End PBXNativeTarget section */

/* Begin PBXProject section */
		7449DCE119990A4700AB0C9B /* Project object */ = {
			isa = PBXProject;
			attributes = {
				LastUpgradeCheck = 0600;
				ORGANIZATIONNAME = "Hannes Gruber";
				TargetAttributes = {
					7449DCE819990A4700AB0C9B = {
						CreatedOnToolsVersion = 6.0;
						DevelopmentTeam = 45NWKUAC4H;
					};
					7449DCFA19990A4700AB0C9B = {
						CreatedOnToolsVersion = 6.0;
						TestTargetID = 7449DCE819990A4700AB0C9B;
					};
				};
			};
			buildConfigurationList = 7449DCE419990A4700AB0C9B /* Build configuration list for PBXProject "Valv" */;
			compatibilityVersion = "Xcode 3.2";
			developmentRegion = English;
			hasScannedForEncodings = 0;
			knownRegions = (
				en,
				Base,
			);
			mainGroup = 7449DCE019990A4700AB0C9B;
			productRefGroup = 7449DCEA19990A4700AB0C9B /* Products */;
			projectDirPath = "";
			projectRoot = "";
			targets = (
				7449DCE819990A4700AB0C9B /* Valv */,
				7449DCFA19990A4700AB0C9B /* ValvTests */,
			);
		};
/* End PBXProject section */

/* Begin PBXResourcesBuildPhase section */
		7449DCE719990A4700AB0C9B /* Resources */ = {
			isa = PBXResourcesBuildPhase;
			buildActionMask = 2147483647;
			files = (
				7449DCF419990A4700AB0C9B /* Main.storyboard in Resources */,
				74AA843F199DFFE80069E6C4 /* rating_mean.png in Resources */,
				74AA8441199DFFE80069E6C4 /* rating_user.png in Resources */,
				7449DCF619990A4700AB0C9B /* Images.xcassets in Resources */,
				74AA8440199DFFE80069E6C4 /* rating_rec.png in Resources */,
				74EAC0C519D5ACEB004A57C4 /* rating_delete.png in Resources */,
			);
			runOnlyForDeploymentPostprocessing = 0;
		};
		7449DCF919990A4700AB0C9B /* Resources */ = {
			isa = PBXResourcesBuildPhase;
			buildActionMask = 2147483647;
			files = (
			);
			runOnlyForDeploymentPostprocessing = 0;
		};
/* End PBXResourcesBuildPhase section */

/* Begin PBXSourcesBuildPhase section */
		7449DCE519990A4700AB0C9B /* Sources */ = {
			isa = PBXSourcesBuildPhase;
			buildActionMask = 2147483647;
			files = (
				74B0A116199956250098D37D /* SearchManager.swift in Sources */,
				7449DCF119990A4700AB0C9B /* SearchViewController.swift in Sources */,
				7449DCEF19990A4700AB0C9B /* AppDelegate.swift in Sources */,
				7476C58F199B46F60051FBA1 /* SettingsViewController.swift in Sources */,
				7476C58D199A5ECE0051FBA1 /* DetailsViewController.swift in Sources */,
				74AA8443199E5F320069E6C4 /* RatingManager.swift in Sources */,
				7476C591199B766A0051FBA1 /* LoginManager.swift in Sources */,
				7476C595199C02C10051FBA1 /* SearchResultCell.swift in Sources */,
				7476C593199BF36F0051FBA1 /* Product.swift in Sources */,
			);
			runOnlyForDeploymentPostprocessing = 0;
		};
		7449DCF719990A4700AB0C9B /* Sources */ = {
			isa = PBXSourcesBuildPhase;
			buildActionMask = 2147483647;
			files = (
				7449DD0219990A4700AB0C9B /* ValvTests.swift in Sources */,
			);
			runOnlyForDeploymentPostprocessing = 0;
		};
/* End PBXSourcesBuildPhase section */

/* Begin PBXTargetDependency section */
		7449DCFD19990A4700AB0C9B /* PBXTargetDependency */ = {
			isa = PBXTargetDependency;
			target = 7449DCE819990A4700AB0C9B /* Valv */;
			targetProxy = 7449DCFC19990A4700AB0C9B /* PBXContainerItemProxy */;
		};
/* End PBXTargetDependency section */

/* Begin PBXVariantGroup section */
		7449DCF219990A4700AB0C9B /* Main.storyboard */ = {
			isa = PBXVariantGroup;
			children = (
				7449DCF319990A4700AB0C9B /* Base */,
			);
			name = Main.storyboard;
			sourceTree = "<group>";
		};
/* End PBXVariantGroup section */

/* Begin XCBuildConfiguration section */
		7449DD0319990A4700AB0C9B /* Debug */ = {
			isa = XCBuildConfiguration;
			buildSettings = {
				ALWAYS_SEARCH_USER_PATHS = NO;
				CLANG_CXX_LANGUAGE_STANDARD = "gnu++0x";
				CLANG_CXX_LIBRARY = "libc++";
				CLANG_ENABLE_MODULES = YES;
				CLANG_ENABLE_OBJC_ARC = YES;
				CLANG_WARN_BOOL_CONVERSION = YES;
				CLANG_WARN_CONSTANT_CONVERSION = YES;
				CLANG_WARN_DIRECT_OBJC_ISA_USAGE = YES_ERROR;
				CLANG_WARN_EMPTY_BODY = YES;
				CLANG_WARN_ENUM_CONVERSION = YES;
				CLANG_WARN_INT_CONVERSION = YES;
				CLANG_WARN_OBJC_ROOT_CLASS = YES_ERROR;
				CLANG_WARN_UNREACHABLE_CODE = YES;
				CLANG_WARN__DUPLICATE_METHOD_MATCH = YES;
				"CODE_SIGN_IDENTITY[sdk=iphoneos*]" = "iPhone Developer";
				COPY_PHASE_STRIP = NO;
				ENABLE_STRICT_OBJC_MSGSEND = YES;
				GCC_C_LANGUAGE_STANDARD = gnu99;
				GCC_DYNAMIC_NO_PIC = NO;
				GCC_OPTIMIZATION_LEVEL = 0;
				GCC_PREPROCESSOR_DEFINITIONS = (
					"DEBUG=1",
					"$(inherited)",
				);
				GCC_SYMBOLS_PRIVATE_EXTERN = NO;
				GCC_WARN_64_TO_32_BIT_CONVERSION = YES;
				GCC_WARN_ABOUT_RETURN_TYPE = YES_ERROR;
				GCC_WARN_UNDECLARED_SELECTOR = YES;
				GCC_WARN_UNINITIALIZED_AUTOS = YES_AGGRESSIVE;
				GCC_WARN_UNUSED_FUNCTION = YES;
				GCC_WARN_UNUSED_VARIABLE = YES;
				IPHONEOS_DEPLOYMENT_TARGET = 8.0;
				MTL_ENABLE_DEBUG_INFO = YES;
				ONLY_ACTIVE_ARCH = YES;
				SDKROOT = iphoneos;
				SWIFT_OPTIMIZATION_LEVEL = "-Onone";
				TARGETED_DEVICE_FAMILY = "1,2";
			};
			name = Debug;
		};
		7449DD0419990A4700AB0C9B /* Release */ = {
			isa = XCBuildConfiguration;
			buildSettings = {
				ALWAYS_SEARCH_USER_PATHS = NO;
				CLANG_CXX_LANGUAGE_STANDARD = "gnu++0x";
				CLANG_CXX_LIBRARY = "libc++";
				CLANG_ENABLE_MODULES = YES;
				CLANG_ENABLE_OBJC_ARC = YES;
				CLANG_WARN_BOOL_CONVERSION = YES;
				CLANG_WARN_CONSTANT_CONVERSION = YES;
				CLANG_WARN_DIRECT_OBJC_ISA_USAGE = YES_ERROR;
				CLANG_WARN_EMPTY_BODY = YES;
				CLANG_WARN_ENUM_CONVERSION = YES;
				CLANG_WARN_INT_CONVERSION = YES;
				CLANG_WARN_OBJC_ROOT_CLASS = YES_ERROR;
				CLANG_WARN_UNREACHABLE_CODE = YES;
				CLANG_WARN__DUPLICATE_METHOD_MATCH = YES;
				"CODE_SIGN_IDENTITY[sdk=iphoneos*]" = "iPhone Developer";
				COPY_PHASE_STRIP = YES;
				ENABLE_NS_ASSERTIONS = NO;
				ENABLE_STRICT_OBJC_MSGSEND = YES;
				GCC_C_LANGUAGE_STANDARD = gnu99;
				GCC_WARN_64_TO_32_BIT_CONVERSION = YES;
				GCC_WARN_ABOUT_RETURN_TYPE = YES_ERROR;
				GCC_WARN_UNDECLARED_SELECTOR = YES;
				GCC_WARN_UNINITIALIZED_AUTOS = YES_AGGRESSIVE;
				GCC_WARN_UNUSED_FUNCTION = YES;
				GCC_WARN_UNUSED_VARIABLE = YES;
				IPHONEOS_DEPLOYMENT_TARGET = 8.0;
				MTL_ENABLE_DEBUG_INFO = NO;
				SDKROOT = iphoneos;
				TARGETED_DEVICE_FAMILY = "1,2";
				VALIDATE_PRODUCT = YES;
			};
			name = Release;
		};
		7449DD0619990A4700AB0C9B /* Debug */ = {
			isa = XCBuildConfiguration;
			buildSettings = {
				ASSETCATALOG_COMPILER_APPICON_NAME = AppIcon;
				ASSETCATALOG_COMPILER_LAUNCHIMAGE_NAME = LaunchImage;
				CODE_SIGN_IDENTITY = "iPhone Developer";
				INFOPLIST_FILE = Valv/Info.plist;
				LD_RUNPATH_SEARCH_PATHS = "$(inherited) @executable_path/Frameworks";
				PRODUCT_NAME = "$(TARGET_NAME)";
				TARGETED_DEVICE_FAMILY = 1;
			};
			name = Debug;
		};
		7449DD0719990A4700AB0C9B /* Release */ = {
			isa = XCBuildConfiguration;
			buildSettings = {
				ASSETCATALOG_COMPILER_APPICON_NAME = AppIcon;
				ASSETCATALOG_COMPILER_LAUNCHIMAGE_NAME = LaunchImage;
				CODE_SIGN_IDENTITY = "iPhone Developer";
				INFOPLIST_FILE = Valv/Info.plist;
				LD_RUNPATH_SEARCH_PATHS = "$(inherited) @executable_path/Frameworks";
				PRODUCT_NAME = "$(TARGET_NAME)";
				TARGETED_DEVICE_FAMILY = 1;
			};
			name = Release;
		};
		7449DD0919990A4700AB0C9B /* Debug */ = {
			isa = XCBuildConfiguration;
			buildSettings = {
				BUNDLE_LOADER = "$(TEST_HOST)";
				FRAMEWORK_SEARCH_PATHS = (
					"$(SDKROOT)/Developer/Library/Frameworks",
					"$(inherited)",
				);
				GCC_PREPROCESSOR_DEFINITIONS = (
					"DEBUG=1",
					"$(inherited)",
				);
				INFOPLIST_FILE = ValvTests/Info.plist;
				LD_RUNPATH_SEARCH_PATHS = "$(inherited) @executable_path/Frameworks @loader_path/Frameworks";
				PRODUCT_NAME = "$(TARGET_NAME)";
				TEST_HOST = "$(BUILT_PRODUCTS_DIR)/Valv.app/Valv";
			};
			name = Debug;
		};
		7449DD0A19990A4700AB0C9B /* Release */ = {
			isa = XCBuildConfiguration;
			buildSettings = {
				BUNDLE_LOADER = "$(TEST_HOST)";
				FRAMEWORK_SEARCH_PATHS = (
					"$(SDKROOT)/Developer/Library/Frameworks",
					"$(inherited)",
				);
				INFOPLIST_FILE = ValvTests/Info.plist;
				LD_RUNPATH_SEARCH_PATHS = "$(inherited) @executable_path/Frameworks @loader_path/Frameworks";
				PRODUCT_NAME = "$(TARGET_NAME)";
				TEST_HOST = "$(BUILT_PRODUCTS_DIR)/Valv.app/Valv";
			};
			name = Release;
		};
/* End XCBuildConfiguration section */

/* Begin XCConfigurationList section */
		7449DCE419990A4700AB0C9B /* Build configuration list for PBXProject "Valv" */ = {
			isa = XCConfigurationList;
			buildConfigurations = (
				7449DD0319990A4700AB0C9B /* Debug */,
				7449DD0419990A4700AB0C9B /* Release */,
			);
			defaultConfigurationIsVisible = 0;
			defaultConfigurationName = Release;
		};
		7449DD0519990A4700AB0C9B /* Build configuration list for PBXNativeTarget "Valv" */ = {
			isa = XCConfigurationList;
			buildConfigurations = (
				7449DD0619990A4700AB0C9B /* Debug */,
				7449DD0719990A4700AB0C9B /* Release */,
			);
			defaultConfigurationIsVisible = 0;
			defaultConfigurationName = Release;
		};
		7449DD0819990A4700AB0C9B /* Build configuration list for PBXNativeTarget "ValvTests" */ = {
			isa = XCConfigurationList;
			buildConfigurations = (
				7449DD0919990A4700AB0C9B /* Debug */,
				7449DD0A19990A4700AB0C9B /* Release */,
			);
			defaultConfigurationIsVisible = 0;
			defaultConfigurationName = Release;
		};
/* End XCConfigurationList section */
	};
	rootObject = 7449DCE119990A4700AB0C9B /* Project object */;
}
